
Microsoft Visual Studio Solution File, Format Version 12.00
# Visual Studio Version 16
VisualStudioVersion = 16.0.30804.86
MinimumVisualStudioVersion = 10.0.40219.1
Project("{9A19103F-16F7-4668-BE54-9A1E7A4F7556}") = "InteractiveCovidMap", "InteractiveCovidMap.csproj", "{7AE34C93-38D6-4B0E-8E77-0C5FD90DAF16}"
EndProject
Project("{9A19103F-16F7-4668-BE54-9A1E7A4F7556}") = "InteractiveCovidMap.Tests", "..\InteractiveCovidMap.Tests\InteractiveCovidMap.Tests.csproj", "{82A9E87A-934A-48B3-B6E2-90D8690DE347}"
EndProject
Global
	GlobalSection(SolutionConfigurationPlatforms) = preSolution
		Debug|Any CPU = Debug|Any CPU
		Release|Any CPU = Release|Any CPU
	EndGlobalSection
	GlobalSection(ProjectConfigurationPlatforms) = postSolution
		{7AE34C93-38D6-4B0E-8E77-0C5FD90DAF16}.Debug|Any CPU.ActiveCfg = Debug|Any CPU
		{7AE34C93-38D6-4B0E-8E77-0C5FD90DAF16}.Debug|Any CPU.Build.0 = Debug|Any CPU
		{7AE34C93-38D6-4B0E-8E77-0C5FD90DAF16}.Release|Any CPU.ActiveCfg = Release|Any CPU
		{7AE34C93-38D6-4B0E-8E77-0C5FD90DAF16}.Release|Any CPU.Build.0 = Release|Any CPU
		{82A9E87A-934A-48B3-B6E2-90D8690DE347}.Debug|Any CPU.ActiveCfg = Debug|Any CPU
		{82A9E87A-934A-48B3-B6E2-90D8690DE347}.Debug|Any CPU.Build.0 = Debug|Any CPU
		{82A9E87A-934A-48B3-B6E2-90D8690DE347}.Release|Any CPU.ActiveCfg = Release|Any CPU
		{82A9E87A-934A-48B3-B6E2-90D8690DE347}.Release|Any CPU.Build.0 = Release|Any CPU
	EndGlobalSection
	GlobalSection(SolutionProperties) = preSolution
		HideSolutionNode = FALSE
	EndGlobalSection
	GlobalSection(ExtensibilityGlobals) = postSolution
		SolutionGuid = {337945C9-ABD1-4A85-85E1-228E8FDE495F}
	EndGlobalSection
EndGlobal
